// !$*UTF8*$!
{
	archiveVersion = 1;
	classes = {
	};
	objectVersion = 48;
	objects = {

/* Begin PBXBuildFile section */
		FCCDFB391FE4E436009771D4 /* AppDelegate.swift in Sources */ = {isa = PBXBuildFile; fileRef = FCCDFB381FE4E436009771D4 /* AppDelegate.swift */; };
		FCCDFB3B1FE4E436009771D4 /* ViewController.swift in Sources */ = {isa = PBXBuildFile; fileRef = FCCDFB3A1FE4E436009771D4 /* ViewController.swift */; };
		FCCDFB3E1FE4E436009771D4 /* Main.storyboard in Resources */ = {isa = PBXBuildFile; fileRef = FCCDFB3C1FE4E436009771D4 /* Main.storyboard */; };
		FCCDFB401FE4E436009771D4 /* Assets.xcassets in Resources */ = {isa = PBXBuildFile; fileRef = FCCDFB3F1FE4E436009771D4 /* Assets.xcassets */; };
		FCCDFB431FE4E436009771D4 /* LaunchScreen.storyboard in Resources */ = {isa = PBXBuildFile; fileRef = FCCDFB411FE4E436009771D4 /* LaunchScreen.storyboard */; };
		FCCDFB4E1FE4E4EB009771D4 /* product_list.txt in Resources */ = {isa = PBXBuildFile; fileRef = FCCDFB4D1FE4E4E8009771D4 /* product_list.txt */; };
		FCCDFB551FE4F02E009771D4 /* iphone6s.png in Resources */ = {isa = PBXBuildFile; fileRef = FCCDFB531FE4ED22009771D4 /* iphone6s.png */; };
		FCCDFB561FE4F02E009771D4 /* iphone7.png in Resources */ = {isa = PBXBuildFile; fileRef = FCCDFB541FE4ED22009771D4 /* iphone7.png */; };
		FCCDFB571FE4F02E009771D4 /* iphonese.png in Resources */ = {isa = PBXBuildFile; fileRef = FCCDFB511FE4ED22009771D4 /* iphonese.png */; };
		FCCDFB581FE4F02E009771D4 /* iphonex.png in Resources */ = {isa = PBXBuildFile; fileRef = FCCDFB521FE4ED22009771D4 /* iphonex.png */; };
/* End PBXBuildFile section */

/* Begin PBXFileReference section */
		FCCDFB351FE4E436009771D4 /* SampleTest.app */ = {isa = PBXFileReference; explicitFileType = wrapper.application; includeInIndex = 0; path = SampleTest.app; sourceTree = BUILT_PRODUCTS_DIR; };
		FCCDFB381FE4E436009771D4 /* AppDelegate.swift */ = {isa = PBXFileReference; lastKnownFileType = sourcecode.swift; path = AppDelegate.swift; sourceTree = "<group>"; };
		FCCDFB3A1FE4E436009771D4 /* ViewController.swift */ = {isa = PBXFileReference; lastKnownFileType = sourcecode.swift; path = ViewController.swift; sourceTree = "<group>"; };
		FCCDFB3D1FE4E436009771D4 /* Base */ = {isa = PBXFileReference; lastKnownFileType = file.storyboard; name = Base; path = Base.lproj/Main.storyboard; sourceTree = "<group>"; };
		FCCDFB3F1FE4E436009771D4 /* Assets.xcassets */ = {isa = PBXFileReference; lastKnownFileType = folder.assetcatalog; path = Assets.xcassets; sourceTree = "<group>"; };
		FCCDFB421FE4E436009771D4 /* Base */ = {isa = PBXFileReference; lastKnownFileType = file.storyboard; name = Base; path = Base.lproj/LaunchScreen.storyboard; sourceTree = "<group>"; };
		FCCDFB441FE4E436009771D4 /* Info.plist */ = {isa = PBXFileReference; lastKnownFileType = text.plist.xml; path = Info.plist; sourceTree = "<group>"; };
		FCCDFB4D1FE4E4E8009771D4 /* product_list.txt */ = {isa = PBXFileReference; lastKnownFileType = text; path = product_list.txt; sourceTree = "<group>"; };
		FCCDFB511FE4ED22009771D4 /* iphonese.png */ = {isa = PBXFileReference; lastKnownFileType = image.png; path = iphonese.png; sourceTree = "<group>"; };
		FCCDFB521FE4ED22009771D4 /* iphonex.png */ = {isa = PBXFileReference; lastKnownFileType = image.png; path = iphonex.png; sourceTree = "<group>"; };
		FCCDFB531FE4ED22009771D4 /* iphone6s.png */ = {isa = PBXFileReference; lastKnownFileType = image.png; path = iphone6s.png; sourceTree = "<group>"; };
		FCCDFB541FE4ED22009771D4 /* iphone7.png */ = {isa = PBXFileReference; lastKnownFileType = image.png; path = iphone7.png; sourceTree = "<group>"; };
/* End PBXFileReference section */

/* Begin PBXFrameworksBuildPhase section */
		FCCDFB321FE4E436009771D4 /* Frameworks */ = {
			isa = PBXFrameworksBuildPhase;
			buildActionMask = 2147483647;
			files = (
			);
			runOnlyForDeploymentPostprocessing = 0;
		};
/* End PBXFrameworksBuildPhase section */

/* Begin PBXGroup section */
		FCCDFB2C1FE4E436009771D4 = {
			isa = PBXGroup;
			children = (
				FCCDFB371FE4E436009771D4 /* SampleTest */,
				FCCDFB361FE4E436009771D4 /* Products */,
			);
			sourceTree = "<group>";
		};
		FCCDFB361FE4E436009771D4 /* Products */ = {
			isa = PBXGroup;
			children = (
				FCCDFB351FE4E436009771D4 /* SampleTest.app */,
			);
			name = Products;
			sourceTree = "<group>";
		};
		FCCDFB371FE4E436009771D4 /* SampleTest */ = {
			isa = PBXGroup;
			children = (
				FCCDFB501FE4E696009771D4 /* Resources */,
				FCCDFB4A1FE4E490009771D4 /* JSON Data */,
				FCCDFB381FE4E436009771D4 /* AppDelegate.swift */,
				FCCDFB3A1FE4E436009771D4 /* ViewController.swift */,
				FCCDFB3C1FE4E436009771D4 /* Main.storyboard */,
				FCCDFB3F1FE4E436009771D4 /* Assets.xcassets */,
				FCCDFB411FE4E436009771D4 /* LaunchScreen.storyboard */,
				FCCDFB441FE4E436009771D4 /* Info.plist */,
			);
			path = SampleTest;
			sourceTree = "<group>";
		};
		FCCDFB4A1FE4E490009771D4 /* JSON Data */ = {
			isa = PBXGroup;
			children = (
				FCCDFB4D1FE4E4E8009771D4 /* product_list.txt */,
			);
			path = "JSON Data";
			sourceTree = "<group>";
		};
		FCCDFB501FE4E696009771D4 /* Resources */ = {
			isa = PBXGroup;
			children = (
				FCCDFB531FE4ED22009771D4 /* iphone6s.png */,
				FCCDFB541FE4ED22009771D4 /* iphone7.png */,
				FCCDFB511FE4ED22009771D4 /* iphonese.png */,
				FCCDFB521FE4ED22009771D4 /* iphonex.png */,
			);
			path = Resources;
			sourceTree = "<group>";
		};
/* End PBXGroup section */

/* Begin PBXNativeTarget section */
		FCCDFB341FE4E436009771D4 /* SampleTest */ = {
			isa = PBXNativeTarget;
			buildConfigurationList = FCCDFB471FE4E436009771D4 /* Build configuration list for PBXNativeTarget "SampleTest" */;
			buildPhases = (
				FCCDFB311FE4E436009771D4 /* Sources */,
				FCCDFB321FE4E436009771D4 /* Frameworks */,
				FCCDFB331FE4E436009771D4 /* Resources */,
			);
			buildRules = (
			);
			dependencies = (
			);
			name = SampleTest;
			productName = SampleTest;
			productReference = FCCDFB351FE4E436009771D4 /* SampleTest.app */;
			productType = "com.apple.product-type.application";
		};
/* End PBXNativeTarget section */

/* Begin PBXProject section */
		FCCDFB2D1FE4E436009771D4 /* Project object */ = {
			isa = PBXProject;
			attributes = {
				LastSwiftUpdateCheck = 0900;
				LastUpgradeCheck = 0900;
				ORGANIZATIONNAME = "Rahul Nair";
				TargetAttributes = {
					FCCDFB341FE4E436009771D4 = {
						CreatedOnToolsVersion = 9.0;
						ProvisioningStyle = Automatic;
					};
				};
			};
			buildConfigurationList = FCCDFB301FE4E436009771D4 /* Build configuration list for PBXProject "SampleTest" */;
			compatibilityVersion = "Xcode 8.0";
			developmentRegion = en;
			hasScannedForEncodings = 0;
			knownRegions = (
				en,
				Base,
			);
			mainGroup = FCCDFB2C1FE4E436009771D4;
			productRefGroup = FCCDFB361FE4E436009771D4 /* Products */;
			projectDirPath = "";
			projectRoot = "";
			targets = (
				FCCDFB341FE4E436009771D4 /* SampleTest */,
			);
		};
/* End PBXProject section */

/* Begin PBXResourcesBuildPhase section */
		FCCDFB331FE4E436009771D4 /* Resources */ = {
			isa = PBXResourcesBuildPhase;
			buildActionMask = 2147483647;
			files = (
				FCCDFB551FE4F02E009771D4 /* iphone6s.png in Resources */,
				FCCDFB581FE4F02E009771D4 /* iphonex.png in Resources */,
				FCCDFB431FE4E436009771D4 /* LaunchScreen.storyboard in Resources */,
				FCCDFB401FE4E436009771D4 /* Assets.xcassets in Resources */,
				FCCDFB4E1FE4E4EB009771D4 /* product_list.txt in Resources */,
				FCCDFB561FE4F02E009771D4 /* iphone7.png in Resources */,
				FCCDFB3E1FE4E436009771D4 /* Main.storyboard in Resources */,
				FCCDFB571FE4F02E009771D4 /* iphonese.png in Resources */,
			);
			runOnlyForDeploymentPostprocessing = 0;
		};
/* End PBXResourcesBuildPhase section */

/* Begin PBXSourcesBuildPhase section */
		FCCDFB311FE4E436009771D4 /* Sources */ = {
			isa = PBXSourcesBuildPhase;
			buildActionMask = 2147483647;
			files = (
				FCCDFB3B1FE4E436009771D4 /* ViewController.swift in Sources */,
				FCCDFB391FE4E436009771D4 /* AppDelegate.swift in Sources */,
			);
			runOnlyForDeploymentPostprocessing = 0;
		};
/* End PBXSourcesBuildPhase section */

/* Begin PBXVariantGroup section */
		FCCDFB3C1FE4E436009771D4 /* Main.storyboard */ = {
			isa = PBXVariantGroup;
			children = (
				FCCDFB3D1FE4E436009771D4 /* Base */,
			);
			name = Main.storyboard;
			sourceTree = "<group>";
		};
		FCCDFB411FE4E436009771D4 /* LaunchScreen.storyboard */ = {
			isa = PBXVariantGroup;
			children = (
				FCCDFB421FE4E436009771D4 /* Base */,
			);
			name = LaunchScreen.storyboard;
			sourceTree = "<group>";
		};
/* End PBXVariantGroup section */

/* Begin XCBuildConfiguration section */
		FCCDFB451FE4E436009771D4 /* Debug */ = {
			isa = XCBuildConfiguration;
			buildSettings = {
				ALWAYS_SEARCH_USER_PATHS = NO;
				CLANG_ANALYZER_NONNULL = YES;
				CLANG_ANALYZER_NUMBER_OBJECT_CONVERSION = YES_AGGRESSIVE;
				CLANG_CXX_LANGUAGE_STANDARD = "gnu++14";
				CLANG_CXX_LIBRARY = "libc++";
				CLANG_ENABLE_MODULES = YES;
				CLANG_ENABLE_OBJC_ARC = YES;
				CLANG_WARN_BLOCK_CAPTURE_AUTORELEASING = YES;
				CLANG_WARN_BOOL_CONVERSION = YES;
				CLANG_WARN_COMMA = YES;
				CLANG_WARN_CONSTANT_CONVERSION = YES;
				CLANG_WARN_DIRECT_OBJC_ISA_USAGE = YES_ERROR;
				CLANG_WARN_DOCUMENTATION_COMMENTS = YES;
				CLANG_WARN_EMPTY_BODY = YES;
				CLANG_WARN_ENUM_CONVERSION = YES;
				CLANG_WARN_INFINITE_RECURSION = YES;
				CLANG_WARN_INT_CONVERSION = YES;
				CLANG_WARN_NON_LITERAL_NULL_CONVERSION = YES;
				CLANG_WARN_OBJC_LITERAL_CONVERSION = YES;
				CLANG_WARN_OBJC_ROOT_CLASS = YES_ERROR;
				CLANG_WARN_RANGE_LOOP_ANALYSIS = YES;
				CLANG_WARN_STRICT_PROTOTYPES = YES;
				CLANG_WARN_SUSPICIOUS_MOVE = YES;
				CLANG_WARN_UNGUARDED_AVAILABILITY = YES_AGGRESSIVE;
				CLANG_WARN_UNREACHABLE_CODE = YES;
				CLANG_WARN__DUPLICATE_METHOD_MATCH = YES;
				CODE_SIGN_IDENTITY = "iPhone Developer";
				COPY_PHASE_STRIP = NO;
				DEBUG_INFORMATION_FORMAT = dwarf;
				ENABLE_STRICT_OBJC_MSGSEND = YES;
				ENABLE_TESTABILITY = YES;
				GCC_C_LANGUAGE_STANDARD = gnu11;
				GCC_DYNAMIC_NO_PIC = NO;
				GCC_NO_COMMON_BLOCKS = YES;
				GCC_OPTIMIZATION_LEVEL = 0;
				GCC_PREPROCESSOR_DEFINITIONS = (
					"DEBUG=1",
					"$(inherited)",
				);
				GCC_WARN_64_TO_32_BIT_CONVERSION = YES;
				GCC_WARN_ABOUT_RETURN_TYPE = YES_ERROR;
				GCC_WARN_UNDECLARED_SELECTOR = YES;
				GCC_WARN_UNINITIALIZED_AUTOS = YES_AGGRESSIVE;
				GCC_WARN_UNUSED_FUNCTION = YES;
				GCC_WARN_UNUSED_VARIABLE = YES;
				IPHONEOS_DEPLOYMENT_TARGET = 11.0;
				MTL_ENABLE_DEBUG_INFO = YES;
				ONLY_ACTIVE_ARCH = YES;
				SDKROOT = iphoneos;
				SWIFT_ACTIVE_COMPILATION_CONDITIONS = DEBUG;
				SWIFT_OPTIMIZATION_LEVEL = "-Onone";
			};
			name = Debug;
		};
		FCCDFB461FE4E436009771D4 /* Release */ = {
			isa = XCBuildConfiguration;
			buildSettings = {
				ALWAYS_SEARCH_USER_PATHS = NO;
				CLANG_ANALYZER_NONNULL = YES;
				CLANG_ANALYZER_NUMBER_OBJECT_CONVERSION = YES_AGGRESSIVE;
				CLANG_CXX_LANGUAGE_STANDARD = "gnu++14";
				CLANG_CXX_LIBRARY = "libc++";
				CLANG_ENABLE_MODULES = YES;
				CLANG_ENABLE_OBJC_ARC = YES;
				CLANG_WARN_BLOCK_CAPTURE_AUTORELEASING = YES;
				CLANG_WARN_BOOL_CONVERSION = YES;
				CLANG_WARN_COMMA = YES;
				CLANG_WARN_CONSTANT_CONVERSION = YES;
				CLANG_WARN_DIRECT_OBJC_ISA_USAGE = YES_ERROR;
				CLANG_WARN_DOCUMENTATION_COMMENTS = YES;
				CLANG_WARN_EMPTY_BODY = YES;
				CLANG_WARN_ENUM_CONVERSION = YES;
				CLANG_WARN_INFINITE_RECURSION = YES;
				CLANG_WARN_INT_CONVERSION = YES;
				CLANG_WARN_NON_LITERAL_NULL_CONVERSION = YES;
				CLANG_WARN_OBJC_LITERAL_CONVERSION = YES;
				CLANG_WARN_OBJC_ROOT_CLASS = YES_ERROR;
				CLANG_WARN_RANGE_LOOP_ANALYSIS = YES;
				CLANG_WARN_STRICT_PROTOTYPES = YES;
				CLANG_WARN_SUSPICIOUS_MOVE = YES;
				CLANG_WARN_UNGUARDED_AVAILABILITY = YES_AGGRESSIVE;
				CLANG_WARN_UNREACHABLE_CODE = YES;
				CLANG_WARN__DUPLICATE_METHOD_MATCH = YES;
				CODE_SIGN_IDENTITY = "iPhone Developer";
				COPY_PHASE_STRIP = NO;
				DEBUG_INFORMATION_FORMAT = "dwarf-with-dsym";
				ENABLE_NS_ASSERTIONS = NO;
				ENABLE_STRICT_OBJC_MSGSEND = YES;
				GCC_C_LANGUAGE_STANDARD = gnu11;
				GCC_NO_COMMON_BLOCKS = YES;
				GCC_WARN_64_TO_32_BIT_CONVERSION = YES;
				GCC_WARN_ABOUT_RETURN_TYPE = YES_ERROR;
				GCC_WARN_UNDECLARED_SELECTOR = YES;
				GCC_WARN_UNINITIALIZED_AUTOS = YES_AGGRESSIVE;
				GCC_WARN_UNUSED_FUNCTION = YES;
				GCC_WARN_UNUSED_VARIABLE = YES;
				IPHONEOS_DEPLOYMENT_TARGET = 11.0;
				MTL_ENABLE_DEBUG_INFO = NO;
				SDKROOT = iphoneos;
				SWIFT_OPTIMIZATION_LEVEL = "-Owholemodule";
				VALIDATE_PRODUCT = YES;
			};
			name = Release;
		};
		FCCDFB481FE4E436009771D4 /* Debug */ = {
			isa = XCBuildConfiguration;
			buildSettings = {
				ASSETCATALOG_COMPILER_APPICON_NAME = AppIcon;
				CODE_SIGN_STYLE = Automatic;
				DEVELOPMENT_TEAM = 4V4D28W8KY;
				INFOPLIST_FILE = SampleTest/Info.plist;
				LD_RUNPATH_SEARCH_PATHS = "$(inherited) @executable_path/Frameworks";
				PRODUCT_BUNDLE_IDENTIFIER = com.credosys.SampleTest;
				PRODUCT_NAME = "$(TARGET_NAME)";
				SWIFT_VERSION = 4.0;
				TARGETED_DEVICE_FAMILY = "1,2";
			};
			name = Debug;
		};
		FCCDFB491FE4E436009771D4 /* Release */ = {
			isa = XCBuildConfiguration;
			buildSettings = {
				ASSETCATALOG_COMPILER_APPICON_NAME = AppIcon;
				CODE_SIGN_STYLE = Automatic;
				DEVELOPMENT_TEAM = 4V4D28W8KY;
				INFOPLIST_FILE = SampleTest/Info.plist;
				LD_RUNPATH_SEARCH_PATHS = "$(inherited) @executable_path/Frameworks";
				PRODUCT_BUNDLE_IDENTIFIER = com.credosys.SampleTest;
				PRODUCT_NAME = "$(TARGET_NAME)";
				SWIFT_VERSION = 4.0;
				TARGETED_DEVICE_FAMILY = "1,2";
			};
			name = Release;
		};
/* End XCBuildConfiguration section */

/* Begin XCConfigurationList section */
		FCCDFB301FE4E436009771D4 /* Build configuration list for PBXProject "SampleTest" */ = {
			isa = XCConfigurationList;
			buildConfigurations = (
				FCCDFB451FE4E436009771D4 /* Debug */,
				FCCDFB461FE4E436009771D4 /* Release */,
			);
			defaultConfigurationIsVisible = 0;
			defaultConfigurationName = Release;
		};
		FCCDFB471FE4E436009771D4 /* Build configuration list for PBXNativeTarget "SampleTest" */ = {
			isa = XCConfigurationList;
			buildConfigurations = (
				FCCDFB481FE4E436009771D4 /* Debug */,
				FCCDFB491FE4E436009771D4 /* Release */,
			);
			defaultConfigurationIsVisible = 0;
			defaultConfigurationName = Release;
		};
/* End XCConfigurationList section */
	};
	rootObject = FCCDFB2D1FE4E436009771D4 /* Project object */;
}
